// !$*UTF8*$!
{
	archiveVersion = 1;
	classes = {
	};
	objectVersion = 50;
	objects = {

/* Begin PBXBuildFile section */
		338C62809AB2703E5DAECFF1 /* Pods_Tinder.framework in Frameworks */ = {isa = PBXBuildFile; fileRef = 12925D3774204AD56B94E44F /* Pods_Tinder.framework */; };
		380D6710224E2D0C00E87EEE /* SettingsController.swift in Sources */ = {isa = PBXBuildFile; fileRef = 380D670F224E2D0C00E87EEE /* SettingsController.swift */; };
		380EE24D2242A7030003A6FD /* GoogleService-Info.plist in Resources */ = {isa = PBXBuildFile; fileRef = 380EE24C2242A7030003A6FD /* GoogleService-Info.plist */; };
		38142BE52243C95300015EA8 /* Bindable.swift in Sources */ = {isa = PBXBuildFile; fileRef = 38142BE42243C95300015EA8 /* Bindable.swift */; };
		381A9B38227C668700DE4AB0 /* LoginController.swift in Sources */ = {isa = PBXBuildFile; fileRef = 381A9B37227C668700DE4AB0 /* LoginController.swift */; };
		381A9B3A227C6AC100DE4AB0 /* LoginViewModel.swift in Sources */ = {isa = PBXBuildFile; fileRef = 381A9B39227C6AC100DE4AB0 /* LoginViewModel.swift */; };
		3831125322C3C36E00516511 /* MessageCell.swift in Sources */ = {isa = PBXBuildFile; fileRef = 3831125222C3C36E00516511 /* MessageCell.swift */; };
		3831125522C3C3A400516511 /* Message.swift in Sources */ = {isa = PBXBuildFile; fileRef = 3831125422C3C3A400516511 /* Message.swift */; };
		383AA8DD22841A9D0096E0BF /* SwipingPhotosController.swift in Sources */ = {isa = PBXBuildFile; fileRef = 383AA8DC22841A9D0096E0BF /* SwipingPhotosController.swift */; };
		3855FAB921EB07A1009D81EF /* CardView.swift in Sources */ = {isa = PBXBuildFile; fileRef = 3855FAB821EB07A1009D81EF /* CardView.swift */; };
		386C88DD21ECC2BE0078F3CE /* User.swift in Sources */ = {isa = PBXBuildFile; fileRef = 386C88DC21ECC2BE0078F3CE /* User.swift */; };
		386C88E221ECD1500078F3CE /* CardViewModel.swift in Sources */ = {isa = PBXBuildFile; fileRef = 386C88E121ECD1500078F3CE /* CardViewModel.swift */; };
		387AB645224FE4FB00550DB6 /* SettingsCell.swift in Sources */ = {isa = PBXBuildFile; fileRef = 387AB644224FE4FB00550DB6 /* SettingsCell.swift */; };
		388F119D2355A0FE00C6FE3B /* RecentMessage.swift in Sources */ = {isa = PBXBuildFile; fileRef = 388F119C2355A0FE00C6FE3B /* RecentMessage.swift */; };
		388F119F2355A12C00C6FE3B /* RecentMessageCell.swift in Sources */ = {isa = PBXBuildFile; fileRef = 388F119E2355A12C00C6FE3B /* RecentMessageCell.swift */; };
		38948935225A329C00D27E35 /* Firebase+Utils.swift in Sources */ = {isa = PBXBuildFile; fileRef = 38948934225A329C00D27E35 /* Firebase+Utils.swift */; };
		389A845D22A665600071554C /* MatchesMessagesController.swift in Sources */ = {isa = PBXBuildFile; fileRef = 389A845C22A665600071554C /* MatchesMessagesController.swift */; };
		389A845F22AD32F70071554C /* MatchesNavBar.swift in Sources */ = {isa = PBXBuildFile; fileRef = 389A845E22AD32F70071554C /* MatchesNavBar.swift */; };
		389A846122B0F0F00071554C /* ChatLogController.swift in Sources */ = {isa = PBXBuildFile; fileRef = 389A846022B0F0EF0071554C /* ChatLogController.swift */; };
		389A846422B1029C0071554C /* ChatLogNavBar.swift in Sources */ = {isa = PBXBuildFile; fileRef = 389A846322B1029C0071554C /* ChatLogNavBar.swift */; };
		38BBD287233E12BD0061C073 /* NewMatchesHorizontalController.swift in Sources */ = {isa = PBXBuildFile; fileRef = 38BBD286233E12BD0061C073 /* NewMatchesHorizontalController.swift */; };
		38BBD289233E12F50061C073 /* MatchesHeader.swift in Sources */ = {isa = PBXBuildFile; fileRef = 38BBD288233E12F50061C073 /* MatchesHeader.swift */; };
		38BC323C22369F9F00E143DD /* Assets.xcassets in Resources */ = {isa = PBXBuildFile; fileRef = 38BC323B22369F9F00E143DD /* Assets.xcassets */; };
		38C47AB5227F12FC0049AC26 /* UserDetailController.swift in Sources */ = {isa = PBXBuildFile; fileRef = 38C47AB4227F12FC0049AC26 /* UserDetailController.swift */; };
		38CF04E622007D4900175000 /* Advertiser.swift in Sources */ = {isa = PBXBuildFile; fileRef = 38CF04E522007D4900175000 /* Advertiser.swift */; };
		38D4C9B0223D1E92009E2679 /* RegistrationController.swift in Sources */ = {isa = PBXBuildFile; fileRef = 38D4C9AF223D1E92009E2679 /* RegistrationController.swift */; };
		38D4C9B2223D48E3009E2679 /* CustomTextField.swift in Sources */ = {isa = PBXBuildFile; fileRef = 38D4C9B1223D48E3009E2679 /* CustomTextField.swift */; };
		38D4C9B4224015A6009E2679 /* RegistrationViewModel.swift in Sources */ = {isa = PBXBuildFile; fileRef = 38D4C9B3224015A6009E2679 /* RegistrationViewModel.swift */; };
		38D84D522339F0A000FB6F91 /* CustomInputAccessoryView.swift in Sources */ = {isa = PBXBuildFile; fileRef = 38D84D512339F0A000FB6F91 /* CustomInputAccessoryView.swift */; };
		38F451E721E8C60D0031036F /* AppDelegate.swift in Sources */ = {isa = PBXBuildFile; fileRef = 38F451E621E8C60D0031036F /* AppDelegate.swift */; };
		38F451E921E8C60D0031036F /* HomeController.swift in Sources */ = {isa = PBXBuildFile; fileRef = 38F451E821E8C60D0031036F /* HomeController.swift */; };
		38F451EC21E8C60D0031036F /* Main.storyboard in Resources */ = {isa = PBXBuildFile; fileRef = 38F451EA21E8C60D0031036F /* Main.storyboard */; };
		38F451F121E8C60F0031036F /* LaunchScreen.storyboard in Resources */ = {isa = PBXBuildFile; fileRef = 38F451EF21E8C60F0031036F /* LaunchScreen.storyboard */; };
		38F451FC21E8C60F0031036F /* TinderTests.swift in Sources */ = {isa = PBXBuildFile; fileRef = 38F451FB21E8C60F0031036F /* TinderTests.swift */; };
		38F4520D21EA33A70031036F /* HomeBottomControlsStackView.swift in Sources */ = {isa = PBXBuildFile; fileRef = 38F4520C21EA33A70031036F /* HomeBottomControlsStackView.swift */; };
		38F4520F21EA451B0031036F /* TopNavigationStackView.swift in Sources */ = {isa = PBXBuildFile; fileRef = 38F4520E21EA451B0031036F /* TopNavigationStackView.swift */; };
		38F46CA5229CF0180021386A /* MatchView.swift in Sources */ = {isa = PBXBuildFile; fileRef = 38F46CA4229CF0170021386A /* MatchView.swift */; };
		38F46CA7229ECAC70021386A /* SendMessageButton.swift in Sources */ = {isa = PBXBuildFile; fileRef = 38F46CA6229ECAC70021386A /* SendMessageButton.swift */; };
		38F46CA9229ECD6C0021386A /* KeepSwipingButton.swift in Sources */ = {isa = PBXBuildFile; fileRef = 38F46CA8229ECD6C0021386A /* KeepSwipingButton.swift */; };
		38FB8644233CC8B900590747 /* Match.swift in Sources */ = {isa = PBXBuildFile; fileRef = 38FB8643233CC8B900590747 /* Match.swift */; };
		38FB8646233CC8E200590747 /* MatchCell.swift in Sources */ = {isa = PBXBuildFile; fileRef = 38FB8645233CC8E200590747 /* MatchCell.swift */; };
		38FD7FEB2259230800D4489A /* AgeRangeCell.swift in Sources */ = {isa = PBXBuildFile; fileRef = 38FD7FEA2259230800D4489A /* AgeRangeCell.swift */; };
		66062DC6E0C9A08228200505 /* Pods_TinderTests.framework in Frameworks */ = {isa = PBXBuildFile; fileRef = 13AC78363F32C15DEEC4C6AE /* Pods_TinderTests.framework */; };
/* End PBXBuildFile section */

/* Begin PBXContainerItemProxy section */
		38F451F821E8C60F0031036F /* PBXContainerItemProxy */ = {
			isa = PBXContainerItemProxy;
			containerPortal = 38F451DB21E8C60D0031036F /* Project object */;
			proxyType = 1;
			remoteGlobalIDString = 38F451E221E8C60D0031036F;
			remoteInfo = Tinder;
		};
/* End PBXContainerItemProxy section */

/* Begin PBXFileReference section */
		046186034537F0718CCDA6D8 /* Pods-Tinder.release.xcconfig */ = {isa = PBXFileReference; includeInIndex = 1; lastKnownFileType = text.xcconfig; name = "Pods-Tinder.release.xcconfig"; path = "Target Support Files/Pods-Tinder/Pods-Tinder.release.xcconfig"; sourceTree = "<group>"; };
		12925D3774204AD56B94E44F /* Pods_Tinder.framework */ = {isa = PBXFileReference; explicitFileType = wrapper.framework; includeInIndex = 0; path = Pods_Tinder.framework; sourceTree = BUILT_PRODUCTS_DIR; };
		13AC78363F32C15DEEC4C6AE /* Pods_TinderTests.framework */ = {isa = PBXFileReference; explicitFileType = wrapper.framework; includeInIndex = 0; path = Pods_TinderTests.framework; sourceTree = BUILT_PRODUCTS_DIR; };
		380D670F224E2D0C00E87EEE /* SettingsController.swift */ = {isa = PBXFileReference; lastKnownFileType = sourcecode.swift; path = SettingsController.swift; sourceTree = "<group>"; };
		380EE24C2242A7030003A6FD /* GoogleService-Info.plist */ = {isa = PBXFileReference; fileEncoding = 4; lastKnownFileType = text.plist.xml; name = "GoogleService-Info.plist"; path = "../../../../../Downloads/GoogleService-Info.plist"; sourceTree = "<group>"; };
		38142BE42243C95300015EA8 /* Bindable.swift */ = {isa = PBXFileReference; lastKnownFileType = sourcecode.swift; path = Bindable.swift; sourceTree = "<group>"; };
		381A9B37227C668700DE4AB0 /* LoginController.swift */ = {isa = PBXFileReference; lastKnownFileType = sourcecode.swift; path = LoginController.swift; sourceTree = "<group>"; };
		381A9B39227C6AC100DE4AB0 /* LoginViewModel.swift */ = {isa = PBXFileReference; lastKnownFileType = sourcecode.swift; path = LoginViewModel.swift; sourceTree = "<group>"; };
		3831125222C3C36E00516511 /* MessageCell.swift */ = {isa = PBXFileReference; lastKnownFileType = sourcecode.swift; path = MessageCell.swift; sourceTree = "<group>"; };
		3831125422C3C3A400516511 /* Message.swift */ = {isa = PBXFileReference; lastKnownFileType = sourcecode.swift; path = Message.swift; sourceTree = "<group>"; };
		383AA8DC22841A9D0096E0BF /* SwipingPhotosController.swift */ = {isa = PBXFileReference; lastKnownFileType = sourcecode.swift; path = SwipingPhotosController.swift; sourceTree = "<group>"; };
		3855FAB821EB07A1009D81EF /* CardView.swift */ = {isa = PBXFileReference; lastKnownFileType = sourcecode.swift; path = CardView.swift; sourceTree = "<group>"; };
		386C88DC21ECC2BE0078F3CE /* User.swift */ = {isa = PBXFileReference; lastKnownFileType = sourcecode.swift; path = User.swift; sourceTree = "<group>"; };
		386C88E121ECD1500078F3CE /* CardViewModel.swift */ = {isa = PBXFileReference; lastKnownFileType = sourcecode.swift; path = CardViewModel.swift; sourceTree = "<group>"; };
		387AB644224FE4FB00550DB6 /* SettingsCell.swift */ = {isa = PBXFileReference; lastKnownFileType = sourcecode.swift; path = SettingsCell.swift; sourceTree = "<group>"; };
		388F119C2355A0FE00C6FE3B /* RecentMessage.swift */ = {isa = PBXFileReference; lastKnownFileType = sourcecode.swift; path = RecentMessage.swift; sourceTree = "<group>"; };
		388F119E2355A12C00C6FE3B /* RecentMessageCell.swift */ = {isa = PBXFileReference; lastKnownFileType = sourcecode.swift; path = RecentMessageCell.swift; sourceTree = "<group>"; };
		38948934225A329C00D27E35 /* Firebase+Utils.swift */ = {isa = PBXFileReference; lastKnownFileType = sourcecode.swift; path = "Firebase+Utils.swift"; sourceTree = "<group>"; };
		389A845C22A665600071554C /* MatchesMessagesController.swift */ = {isa = PBXFileReference; lastKnownFileType = sourcecode.swift; path = MatchesMessagesController.swift; sourceTree = "<group>"; };
		389A845E22AD32F70071554C /* MatchesNavBar.swift */ = {isa = PBXFileReference; lastKnownFileType = sourcecode.swift; path = MatchesNavBar.swift; sourceTree = "<group>"; };
		389A846022B0F0EF0071554C /* ChatLogController.swift */ = {isa = PBXFileReference; lastKnownFileType = sourcecode.swift; path = ChatLogController.swift; sourceTree = "<group>"; };
		389A846322B1029C0071554C /* ChatLogNavBar.swift */ = {isa = PBXFileReference; lastKnownFileType = sourcecode.swift; path = ChatLogNavBar.swift; sourceTree = "<group>"; };
		38BBD286233E12BD0061C073 /* NewMatchesHorizontalController.swift */ = {isa = PBXFileReference; lastKnownFileType = sourcecode.swift; path = NewMatchesHorizontalController.swift; sourceTree = "<group>"; };
		38BBD288233E12F50061C073 /* MatchesHeader.swift */ = {isa = PBXFileReference; lastKnownFileType = sourcecode.swift; path = MatchesHeader.swift; sourceTree = "<group>"; };
		38BC323B22369F9F00E143DD /* Assets.xcassets */ = {isa = PBXFileReference; lastKnownFileType = folder.assetcatalog; path = Assets.xcassets; sourceTree = "<group>"; };
		38C47AB4227F12FC0049AC26 /* UserDetailController.swift */ = {isa = PBXFileReference; lastKnownFileType = sourcecode.swift; path = UserDetailController.swift; sourceTree = "<group>"; };
		38CF04E522007D4900175000 /* Advertiser.swift */ = {isa = PBXFileReference; lastKnownFileType = sourcecode.swift; path = Advertiser.swift; sourceTree = "<group>"; };
		38D4C9AF223D1E92009E2679 /* RegistrationController.swift */ = {isa = PBXFileReference; lastKnownFileType = sourcecode.swift; path = RegistrationController.swift; sourceTree = "<group>"; };
		38D4C9B1223D48E3009E2679 /* CustomTextField.swift */ = {isa = PBXFileReference; lastKnownFileType = sourcecode.swift; path = CustomTextField.swift; sourceTree = "<group>"; };
		38D4C9B3224015A6009E2679 /* RegistrationViewModel.swift */ = {isa = PBXFileReference; lastKnownFileType = sourcecode.swift; path = RegistrationViewModel.swift; sourceTree = "<group>"; };
		38D84D512339F0A000FB6F91 /* CustomInputAccessoryView.swift */ = {isa = PBXFileReference; lastKnownFileType = sourcecode.swift; path = CustomInputAccessoryView.swift; sourceTree = "<group>"; };
		38F451E321E8C60D0031036F /* Tinder.app */ = {isa = PBXFileReference; explicitFileType = wrapper.application; includeInIndex = 0; path = Tinder.app; sourceTree = BUILT_PRODUCTS_DIR; };
		38F451E621E8C60D0031036F /* AppDelegate.swift */ = {isa = PBXFileReference; lastKnownFileType = sourcecode.swift; path = AppDelegate.swift; sourceTree = "<group>"; };
		38F451E821E8C60D0031036F /* HomeController.swift */ = {isa = PBXFileReference; lastKnownFileType = sourcecode.swift; path = HomeController.swift; sourceTree = "<group>"; };
		38F451EB21E8C60D0031036F /* Base */ = {isa = PBXFileReference; lastKnownFileType = file.storyboard; name = Base; path = Base.lproj/Main.storyboard; sourceTree = "<group>"; };
		38F451F021E8C60F0031036F /* Base */ = {isa = PBXFileReference; lastKnownFileType = file.storyboard; name = Base; path = Base.lproj/LaunchScreen.storyboard; sourceTree = "<group>"; };
		38F451F221E8C60F0031036F /* Info.plist */ = {isa = PBXFileReference; lastKnownFileType = text.plist.xml; path = Info.plist; sourceTree = "<group>"; };
		38F451F721E8C60F0031036F /* TinderTests.xctest */ = {isa = PBXFileReference; explicitFileType = wrapper.cfbundle; includeInIndex = 0; path = TinderTests.xctest; sourceTree = BUILT_PRODUCTS_DIR; };
		38F451FB21E8C60F0031036F /* TinderTests.swift */ = {isa = PBXFileReference; lastKnownFileType = sourcecode.swift; path = TinderTests.swift; sourceTree = "<group>"; };
		38F451FD21E8C60F0031036F /* Info.plist */ = {isa = PBXFileReference; lastKnownFileType = text.plist.xml; path = Info.plist; sourceTree = "<group>"; };
		38F4520C21EA33A70031036F /* HomeBottomControlsStackView.swift */ = {isa = PBXFileReference; lastKnownFileType = sourcecode.swift; path = HomeBottomControlsStackView.swift; sourceTree = "<group>"; };
		38F4520E21EA451B0031036F /* TopNavigationStackView.swift */ = {isa = PBXFileReference; lastKnownFileType = sourcecode.swift; path = TopNavigationStackView.swift; sourceTree = "<group>"; };
		38F46CA4229CF0170021386A /* MatchView.swift */ = {isa = PBXFileReference; lastKnownFileType = sourcecode.swift; path = MatchView.swift; sourceTree = "<group>"; };
		38F46CA6229ECAC70021386A /* SendMessageButton.swift */ = {isa = PBXFileReference; lastKnownFileType = sourcecode.swift; path = SendMessageButton.swift; sourceTree = "<group>"; };
		38F46CA8229ECD6C0021386A /* KeepSwipingButton.swift */ = {isa = PBXFileReference; lastKnownFileType = sourcecode.swift; path = KeepSwipingButton.swift; sourceTree = "<group>"; };
		38FB8643233CC8B900590747 /* Match.swift */ = {isa = PBXFileReference; lastKnownFileType = sourcecode.swift; path = Match.swift; sourceTree = "<group>"; };
		38FB8645233CC8E200590747 /* MatchCell.swift */ = {isa = PBXFileReference; lastKnownFileType = sourcecode.swift; path = MatchCell.swift; sourceTree = "<group>"; };
		38FD7FEA2259230800D4489A /* AgeRangeCell.swift */ = {isa = PBXFileReference; lastKnownFileType = sourcecode.swift; path = AgeRangeCell.swift; sourceTree = "<group>"; };
		81A125B2011D861588786FAA /* Pods-TinderTests.debug.xcconfig */ = {isa = PBXFileReference; includeInIndex = 1; lastKnownFileType = text.xcconfig; name = "Pods-TinderTests.debug.xcconfig"; path = "Target Support Files/Pods-TinderTests/Pods-TinderTests.debug.xcconfig"; sourceTree = "<group>"; };
		B5458070AA60D584BBBB98FF /* Pods-Tinder.debug.xcconfig */ = {isa = PBXFileReference; includeInIndex = 1; lastKnownFileType = text.xcconfig; name = "Pods-Tinder.debug.xcconfig"; path = "Target Support Files/Pods-Tinder/Pods-Tinder.debug.xcconfig"; sourceTree = "<group>"; };
		E2A9C778D296B002166148E4 /* Pods-TinderTests.release.xcconfig */ = {isa = PBXFileReference; includeInIndex = 1; lastKnownFileType = text.xcconfig; name = "Pods-TinderTests.release.xcconfig"; path = "Target Support Files/Pods-TinderTests/Pods-TinderTests.release.xcconfig"; sourceTree = "<group>"; };
/* End PBXFileReference section */

/* Begin PBXFrameworksBuildPhase section */
		38F451E021E8C60D0031036F /* Frameworks */ = {
			isa = PBXFrameworksBuildPhase;
			buildActionMask = 2147483647;
			files = (
				338C62809AB2703E5DAECFF1 /* Pods_Tinder.framework in Frameworks */,
			);
			runOnlyForDeploymentPostprocessing = 0;
		};
		38F451F421E8C60F0031036F /* Frameworks */ = {
			isa = PBXFrameworksBuildPhase;
			buildActionMask = 2147483647;
			files = (
				66062DC6E0C9A08228200505 /* Pods_TinderTests.framework in Frameworks */,
			);
			runOnlyForDeploymentPostprocessing = 0;
		};
/* End PBXFrameworksBuildPhase section */

/* Begin PBXGroup section */
		381A9B3B227C7ABB00DE4AB0 /* Login */ = {
			isa = PBXGroup;
			children = (
				381A9B37227C668700DE4AB0 /* LoginController.swift */,
				381A9B39227C6AC100DE4AB0 /* LoginViewModel.swift */,
			);
			path = Login;
			sourceTree = "<group>";
		};
		381A9B3C227C7ACB00DE4AB0 /* Registration */ = {
			isa = PBXGroup;
			children = (
				38D4C9AF223D1E92009E2679 /* RegistrationController.swift */,
				38D4C9B3224015A6009E2679 /* RegistrationViewModel.swift */,
			);
			path = Registration;
			sourceTree = "<group>";
		};
		386C88DB21ECC2960078F3CE /* Model */ = {
			isa = PBXGroup;
			children = (
				386C88DC21ECC2BE0078F3CE /* User.swift */,
				38CF04E522007D4900175000 /* Advertiser.swift */,
				3831125422C3C3A400516511 /* Message.swift */,
				38FB8643233CC8B900590747 /* Match.swift */,
				388F119C2355A0FE00C6FE3B /* RecentMessage.swift */,
			);
			path = Model;
			sourceTree = "<group>";
		};
		386C88DF21ECD0A00078F3CE /* Controllers */ = {
			isa = PBXGroup;
			children = (
				389A845B22A665000071554C /* MatchesMessages */,
				38C47AB3227F12D90049AC26 /* User Details */,
				381A9B3C227C7ACB00DE4AB0 /* Registration */,
				381A9B3B227C7ABB00DE4AB0 /* Login */,
				38F451E821E8C60D0031036F /* HomeController.swift */,
				38142BE42243C95300015EA8 /* Bindable.swift */,
				380D670F224E2D0C00E87EEE /* SettingsController.swift */,
			);
			path = Controllers;
			sourceTree = "<group>";
		};
		386C88E021ECD1400078F3CE /* ViewModels */ = {
			isa = PBXGroup;
			children = (
				386C88E121ECD1500078F3CE /* CardViewModel.swift */,
			);
			path = ViewModels;
			sourceTree = "<group>";
		};
		389A845B22A665000071554C /* MatchesMessages */ = {
			isa = PBXGroup;
			children = (
				389A845C22A665600071554C /* MatchesMessagesController.swift */,
				389A846022B0F0EF0071554C /* ChatLogController.swift */,
				38BBD286233E12BD0061C073 /* NewMatchesHorizontalController.swift */,
			);
			path = MatchesMessages;
			sourceTree = "<group>";
		};
		389A846222B102790071554C /* MatchesMessages */ = {
			isa = PBXGroup;
			children = (
				389A845E22AD32F70071554C /* MatchesNavBar.swift */,
				389A846322B1029C0071554C /* ChatLogNavBar.swift */,
				3831125222C3C36E00516511 /* MessageCell.swift */,
				38D84D512339F0A000FB6F91 /* CustomInputAccessoryView.swift */,
				38FB8645233CC8E200590747 /* MatchCell.swift */,
				38BBD288233E12F50061C073 /* MatchesHeader.swift */,
				388F119E2355A12C00C6FE3B /* RecentMessageCell.swift */,
			);
			path = MatchesMessages;
			sourceTree = "<group>";
		};
		38C47AB3227F12D90049AC26 /* User Details */ = {
			isa = PBXGroup;
			children = (
				38C47AB4227F12FC0049AC26 /* UserDetailController.swift */,
				383AA8DC22841A9D0096E0BF /* SwipingPhotosController.swift */,
			);
			path = "User Details";
			sourceTree = "<group>";
		};
		38F451DA21E8C60D0031036F = {
			isa = PBXGroup;
			children = (
				38F451E521E8C60D0031036F /* Tinder */,
				38F451FA21E8C60F0031036F /* TinderTests */,
				38F451E421E8C60D0031036F /* Products */,
				4BEF5363ED4FD0F0C6C4A18D /* Pods */,
				70056EEECCDAB3C4ACCF9D19 /* Frameworks */,
			);
			sourceTree = "<group>";
		};
		38F451E421E8C60D0031036F /* Products */ = {
			isa = PBXGroup;
			children = (
				38F451E321E8C60D0031036F /* Tinder.app */,
				38F451F721E8C60F0031036F /* TinderTests.xctest */,
			);
			name = Products;
			sourceTree = "<group>";
		};
		38F451E521E8C60D0031036F /* Tinder */ = {
			isa = PBXGroup;
			children = (
				386C88E021ECD1400078F3CE /* ViewModels */,
				386C88DB21ECC2960078F3CE /* Model */,
				38F4520921EA333D0031036F /* Views */,
				386C88DF21ECD0A00078F3CE /* Controllers */,
				38F4520621E8D7170031036F /* Extensions */,
				38F451E621E8C60D0031036F /* AppDelegate.swift */,
				38F451F221E8C60F0031036F /* Info.plist */,
				380EE24C2242A7030003A6FD /* GoogleService-Info.plist */,
				38F451EF21E8C60F0031036F /* LaunchScreen.storyboard */,
				38F451EA21E8C60D0031036F /* Main.storyboard */,
				38BC323B22369F9F00E143DD /* Assets.xcassets */,
			);
			path = Tinder;
			sourceTree = "<group>";
		};
		38F451FA21E8C60F0031036F /* TinderTests */ = {
			isa = PBXGroup;
			children = (
				38F451FB21E8C60F0031036F /* TinderTests.swift */,
				38F451FD21E8C60F0031036F /* Info.plist */,
			);
			path = TinderTests;
			sourceTree = "<group>";
		};
		38F4520621E8D7170031036F /* Extensions */ = {
			isa = PBXGroup;
			children = (
				38948934225A329C00D27E35 /* Firebase+Utils.swift */,
			);
			path = Extensions;
			sourceTree = "<group>";
		};
		38F4520921EA333D0031036F /* Views */ = {
			isa = PBXGroup;
			children = (
				389A846222B102790071554C /* MatchesMessages */,
				38F4520C21EA33A70031036F /* HomeBottomControlsStackView.swift */,
				38F4520E21EA451B0031036F /* TopNavigationStackView.swift */,
				3855FAB821EB07A1009D81EF /* CardView.swift */,
				38D4C9B1223D48E3009E2679 /* CustomTextField.swift */,
				387AB644224FE4FB00550DB6 /* SettingsCell.swift */,
				38FD7FEA2259230800D4489A /* AgeRangeCell.swift */,
				38F46CA4229CF0170021386A /* MatchView.swift */,
				38F46CA6229ECAC70021386A /* SendMessageButton.swift */,
				38F46CA8229ECD6C0021386A /* KeepSwipingButton.swift */,
			);
			path = Views;
			sourceTree = "<group>";
		};
		4BEF5363ED4FD0F0C6C4A18D /* Pods */ = {
			isa = PBXGroup;
			children = (
				B5458070AA60D584BBBB98FF /* Pods-Tinder.debug.xcconfig */,
				046186034537F0718CCDA6D8 /* Pods-Tinder.release.xcconfig */,
				81A125B2011D861588786FAA /* Pods-TinderTests.debug.xcconfig */,
				E2A9C778D296B002166148E4 /* Pods-TinderTests.release.xcconfig */,
			);
			path = Pods;
			sourceTree = "<group>";
		};
		70056EEECCDAB3C4ACCF9D19 /* Frameworks */ = {
			isa = PBXGroup;
			children = (
				12925D3774204AD56B94E44F /* Pods_Tinder.framework */,
				13AC78363F32C15DEEC4C6AE /* Pods_TinderTests.framework */,
			);
			name = Frameworks;
			sourceTree = "<group>";
		};
/* End PBXGroup section */

/* Begin PBXNativeTarget section */
		38F451E221E8C60D0031036F /* Tinder */ = {
			isa = PBXNativeTarget;
			buildConfigurationList = 38F4520021E8C60F0031036F /* Build configuration list for PBXNativeTarget "Tinder" */;
			buildPhases = (
				792E0AA986A96EAA77286D4F /* [CP] Check Pods Manifest.lock */,
				38F451DF21E8C60D0031036F /* Sources */,
				38F451E021E8C60D0031036F /* Frameworks */,
				38F451E121E8C60D0031036F /* Resources */,
				0423291C3EAD2F6162CEF080 /* [CP] Embed Pods Frameworks */,
			);
			buildRules = (
			);
			dependencies = (
			);
			name = Tinder;
			productName = Tinder;
			productReference = 38F451E321E8C60D0031036F /* Tinder.app */;
			productType = "com.apple.product-type.application";
		};
		38F451F621E8C60F0031036F /* TinderTests */ = {
			isa = PBXNativeTarget;
			buildConfigurationList = 38F4520321E8C60F0031036F /* Build configuration list for PBXNativeTarget "TinderTests" */;
			buildPhases = (
				0DBD77BEA0DDFBD27615B8D8 /* [CP] Check Pods Manifest.lock */,
				38F451F321E8C60F0031036F /* Sources */,
				38F451F421E8C60F0031036F /* Frameworks */,
				38F451F521E8C60F0031036F /* Resources */,
			);
			buildRules = (
			);
			dependencies = (
				38F451F921E8C60F0031036F /* PBXTargetDependency */,
			);
			name = TinderTests;
			productName = TinderTests;
			productReference = 38F451F721E8C60F0031036F /* TinderTests.xctest */;
			productType = "com.apple.product-type.bundle.unit-test";
		};
/* End PBXNativeTarget section */

/* Begin PBXProject section */
		38F451DB21E8C60D0031036F /* Project object */ = {
			isa = PBXProject;
			attributes = {
				LastSwiftUpdateCheck = 1010;
				LastUpgradeCheck = 1010;
				ORGANIZATIONNAME = CoryKim;
				TargetAttributes = {
					38F451E221E8C60D0031036F = {
						CreatedOnToolsVersion = 10.1;
						LastSwiftMigration = 1100;
					};
					38F451F621E8C60F0031036F = {
						CreatedOnToolsVersion = 10.1;
						LastSwiftMigration = 1100;
						TestTargetID = 38F451E221E8C60D0031036F;
					};
				};
			};
			buildConfigurationList = 38F451DE21E8C60D0031036F /* Build configuration list for PBXProject "Tinder" */;
			compatibilityVersion = "Xcode 9.3";
			developmentRegion = en;
			hasScannedForEncodings = 0;
			knownRegions = (
				en,
				Base,
			);
			mainGroup = 38F451DA21E8C60D0031036F;
			productRefGroup = 38F451E421E8C60D0031036F /* Products */;
			projectDirPath = "";
			projectRoot = "";
			targets = (
				38F451E221E8C60D0031036F /* Tinder */,
				38F451F621E8C60F0031036F /* TinderTests */,
			);
		};
/* End PBXProject section */

/* Begin PBXResourcesBuildPhase section */
		38F451E121E8C60D0031036F /* Resources */ = {
			isa = PBXResourcesBuildPhase;
			buildActionMask = 2147483647;
			files = (
				38F451F121E8C60F0031036F /* LaunchScreen.storyboard in Resources */,
				380EE24D2242A7030003A6FD /* GoogleService-Info.plist in Resources */,
				38BC323C22369F9F00E143DD /* Assets.xcassets in Resources */,
				38F451EC21E8C60D0031036F /* Main.storyboard in Resources */,
			);
			runOnlyForDeploymentPostprocessing = 0;
		};
		38F451F521E8C60F0031036F /* Resources */ = {
			isa = PBXResourcesBuildPhase;
			buildActionMask = 2147483647;
			files = (
			);
			runOnlyForDeploymentPostprocessing = 0;
		};
/* End PBXResourcesBuildPhase section */

/* Begin PBXShellScriptBuildPhase section */
		0423291C3EAD2F6162CEF080 /* [CP] Embed Pods Frameworks */ = {
			isa = PBXShellScriptBuildPhase;
			buildActionMask = 2147483647;
			files = (
			);
			inputFileListPaths = (
			);
			inputPaths = (
				"${PODS_ROOT}/Target Support Files/Pods-Tinder/Pods-Tinder-frameworks.sh",
				"${BUILT_PRODUCTS_DIR}/BoringSSL-GRPC/openssl_grpc.framework",
				"${BUILT_PRODUCTS_DIR}/GTMSessionFetcher/GTMSessionFetcher.framework",
				"${BUILT_PRODUCTS_DIR}/GoogleUtilities/GoogleUtilities.framework",
				"${BUILT_PRODUCTS_DIR}/JGProgressHUD/JGProgressHUD.framework",
				"${BUILT_PRODUCTS_DIR}/LBTATools/LBTATools.framework",
				"${BUILT_PRODUCTS_DIR}/Protobuf/Protobuf.framework",
				"${BUILT_PRODUCTS_DIR}/SDWebImage/SDWebImage.framework",
				"${BUILT_PRODUCTS_DIR}/gRPC-C++/grpcpp.framework",
				"${BUILT_PRODUCTS_DIR}/gRPC-Core/grpc.framework",
				"${BUILT_PRODUCTS_DIR}/leveldb-library/leveldb.framework",
				"${BUILT_PRODUCTS_DIR}/nanopb/nanopb.framework",
			);
			name = "[CP] Embed Pods Frameworks";
			outputFileListPaths = (
			);
			outputPaths = (
				"${TARGET_BUILD_DIR}/${FRAMEWORKS_FOLDER_PATH}/openssl_grpc.framework",
				"${TARGET_BUILD_DIR}/${FRAMEWORKS_FOLDER_PATH}/GTMSessionFetcher.framework",
				"${TARGET_BUILD_DIR}/${FRAMEWORKS_FOLDER_PATH}/GoogleUtilities.framework",
				"${TARGET_BUILD_DIR}/${FRAMEWORKS_FOLDER_PATH}/JGProgressHUD.framework",
				"${TARGET_BUILD_DIR}/${FRAMEWORKS_FOLDER_PATH}/LBTATools.framework",
				"${TARGET_BUILD_DIR}/${FRAMEWORKS_FOLDER_PATH}/Protobuf.framework",
				"${TARGET_BUILD_DIR}/${FRAMEWORKS_FOLDER_PATH}/SDWebImage.framework",
				"${TARGET_BUILD_DIR}/${FRAMEWORKS_FOLDER_PATH}/grpcpp.framework",
				"${TARGET_BUILD_DIR}/${FRAMEWORKS_FOLDER_PATH}/grpc.framework",
				"${TARGET_BUILD_DIR}/${FRAMEWORKS_FOLDER_PATH}/leveldb.framework",
				"${TARGET_BUILD_DIR}/${FRAMEWORKS_FOLDER_PATH}/nanopb.framework",
			);
			runOnlyForDeploymentPostprocessing = 0;
			shellPath = /bin/sh;
			shellScript = "\"${PODS_ROOT}/Target Support Files/Pods-Tinder/Pods-Tinder-frameworks.sh\"\n";
			showEnvVarsInLog = 0;
		};
		0DBD77BEA0DDFBD27615B8D8 /* [CP] Check Pods Manifest.lock */ = {
			isa = PBXShellScriptBuildPhase;
			buildActionMask = 2147483647;
			files = (
			);
			inputFileListPaths = (
			);
			inputPaths = (
				"${PODS_PODFILE_DIR_PATH}/Podfile.lock",
				"${PODS_ROOT}/Manifest.lock",
			);
			name = "[CP] Check Pods Manifest.lock";
			outputFileListPaths = (
			);
			outputPaths = (
				"$(DERIVED_FILE_DIR)/Pods-TinderTests-checkManifestLockResult.txt",
			);
			runOnlyForDeploymentPostprocessing = 0;
			shellPath = /bin/sh;
			shellScript = "diff \"${PODS_PODFILE_DIR_PATH}/Podfile.lock\" \"${PODS_ROOT}/Manifest.lock\" > /dev/null\nif [ $? != 0 ] ; then\n    # print error to STDERR\n    echo \"error: The sandbox is not in sync with the Podfile.lock. Run 'pod install' or update your CocoaPods installation.\" >&2\n    exit 1\nfi\n# This output is used by Xcode 'outputs' to avoid re-running this script phase.\necho \"SUCCESS\" > \"${SCRIPT_OUTPUT_FILE_0}\"\n";
			showEnvVarsInLog = 0;
		};
		792E0AA986A96EAA77286D4F /* [CP] Check Pods Manifest.lock */ = {
			isa = PBXShellScriptBuildPhase;
			buildActionMask = 2147483647;
			files = (
			);
			inputFileListPaths = (
			);
			inputPaths = (
				"${PODS_PODFILE_DIR_PATH}/Podfile.lock",
				"${PODS_ROOT}/Manifest.lock",
			);
			name = "[CP] Check Pods Manifest.lock";
			outputFileListPaths = (
			);
			outputPaths = (
				"$(DERIVED_FILE_DIR)/Pods-Tinder-checkManifestLockResult.txt",
			);
			runOnlyForDeploymentPostprocessing = 0;
			shellPath = /bin/sh;
			shellScript = "diff \"${PODS_PODFILE_DIR_PATH}/Podfile.lock\" \"${PODS_ROOT}/Manifest.lock\" > /dev/null\nif [ $? != 0 ] ; then\n    # print error to STDERR\n    echo \"error: The sandbox is not in sync with the Podfile.lock. Run 'pod install' or update your CocoaPods installation.\" >&2\n    exit 1\nfi\n# This output is used by Xcode 'outputs' to avoid re-running this script phase.\necho \"SUCCESS\" > \"${SCRIPT_OUTPUT_FILE_0}\"\n";
			showEnvVarsInLog = 0;
		};
/* End PBXShellScriptBuildPhase section */

/* Begin PBXSourcesBuildPhase section */
		38F451DF21E8C60D0031036F /* Sources */ = {
			isa = PBXSourcesBuildPhase;
			buildActionMask = 2147483647;
			files = (
				38142BE52243C95300015EA8 /* Bindable.swift in Sources */,
				38F451E921E8C60D0031036F /* HomeController.swift in Sources */,
				38D4C9B4224015A6009E2679 /* RegistrationViewModel.swift in Sources */,
				38C47AB5227F12FC0049AC26 /* UserDetailController.swift in Sources */,
				3831125522C3C3A400516511 /* Message.swift in Sources */,
				38D84D522339F0A000FB6F91 /* CustomInputAccessoryView.swift in Sources */,
				38D4C9B2223D48E3009E2679 /* CustomTextField.swift in Sources */,
				388F119D2355A0FE00C6FE3B /* RecentMessage.swift in Sources */,
				389A845D22A665600071554C /* MatchesMessagesController.swift in Sources */,
				38F4520D21EA33A70031036F /* HomeBottomControlsStackView.swift in Sources */,
				38CF04E622007D4900175000 /* Advertiser.swift in Sources */,
				38F451E721E8C60D0031036F /* AppDelegate.swift in Sources */,
				38FD7FEB2259230800D4489A /* AgeRangeCell.swift in Sources */,
				38BBD289233E12F50061C073 /* MatchesHeader.swift in Sources */,
				38F46CA5229CF0180021386A /* MatchView.swift in Sources */,
				389A846422B1029C0071554C /* ChatLogNavBar.swift in Sources */,
				38948935225A329C00D27E35 /* Firebase+Utils.swift in Sources */,
				3831125322C3C36E00516511 /* MessageCell.swift in Sources */,
				386C88E221ECD1500078F3CE /* CardViewModel.swift in Sources */,
				3855FAB921EB07A1009D81EF /* CardView.swift in Sources */,
				38F46CA7229ECAC70021386A /* SendMessageButton.swift in Sources */,
				380D6710224E2D0C00E87EEE /* SettingsController.swift in Sources */,
				381A9B38227C668700DE4AB0 /* LoginController.swift in Sources */,
				38F4520F21EA451B0031036F /* TopNavigationStackView.swift in Sources */,
				388F119F2355A12C00C6FE3B /* RecentMessageCell.swift in Sources */,
				38FB8644233CC8B900590747 /* Match.swift in Sources */,
				38FB8646233CC8E200590747 /* MatchCell.swift in Sources */,
				38D4C9B0223D1E92009E2679 /* RegistrationController.swift in Sources */,
				386C88DD21ECC2BE0078F3CE /* User.swift in Sources */,
				38F46CA9229ECD6C0021386A /* KeepSwipingButton.swift in Sources */,
				389A845F22AD32F70071554C /* MatchesNavBar.swift in Sources */,
				381A9B3A227C6AC100DE4AB0 /* LoginViewModel.swift in Sources */,
				387AB645224FE4FB00550DB6 /* SettingsCell.swift in Sources */,
				389A846122B0F0F00071554C /* ChatLogController.swift in Sources */,
				38BBD287233E12BD0061C073 /* NewMatchesHorizontalController.swift in Sources */,
				383AA8DD22841A9D0096E0BF /* SwipingPhotosController.swift in Sources */,
			);
			runOnlyForDeploymentPostprocessing = 0;
		};
		38F451F321E8C60F0031036F /* Sources */ = {
			isa = PBXSourcesBuildPhase;
			buildActionMask = 2147483647;
			files = (
				38F451FC21E8C60F0031036F /* TinderTests.swift in Sources */,
			);
			runOnlyForDeploymentPostprocessing = 0;
		};
/* End PBXSourcesBuildPhase section */

/* Begin PBXTargetDependency section */
		38F451F921E8C60F0031036F /* PBXTargetDependency */ = {
			isa = PBXTargetDependency;
			target = 38F451E221E8C60D0031036F /* Tinder */;
			targetProxy = 38F451F821E8C60F0031036F /* PBXContainerItemProxy */;
		};
/* End PBXTargetDependency section */

/* Begin PBXVariantGroup section */
		38F451EA21E8C60D0031036F /* Main.storyboard */ = {
			isa = PBXVariantGroup;
			children = (
				38F451EB21E8C60D0031036F /* Base */,
			);
			name = Main.storyboard;
			sourceTree = "<group>";
		};
		38F451EF21E8C60F0031036F /* LaunchScreen.storyboard */ = {
			isa = PBXVariantGroup;
			children = (
				38F451F021E8C60F0031036F /* Base */,
			);
			name = LaunchScreen.storyboard;
			sourceTree = "<group>";
		};
/* End PBXVariantGroup section */

/* Begin XCBuildConfiguration section */
		38F451FE21E8C60F0031036F /* Debug */ = {
			isa = XCBuildConfiguration;
			buildSettings = {
				ALWAYS_SEARCH_USER_PATHS = NO;
				CLANG_ANALYZER_NONNULL = YES;
				CLANG_ANALYZER_NUMBER_OBJECT_CONVERSION = YES_AGGRESSIVE;
				CLANG_CXX_LANGUAGE_STANDARD = "gnu++14";
				CLANG_CXX_LIBRARY = "libc++";
				CLANG_ENABLE_MODULES = YES;
				CLANG_ENABLE_OBJC_ARC = YES;
				CLANG_ENABLE_OBJC_WEAK = YES;
				CLANG_WARN_BLOCK_CAPTURE_AUTORELEASING = YES;
				CLANG_WARN_BOOL_CONVERSION = YES;
				CLANG_WARN_COMMA = YES;
				CLANG_WARN_CONSTANT_CONVERSION = YES;
				CLANG_WARN_DEPRECATED_OBJC_IMPLEMENTATIONS = YES;
				CLANG_WARN_DIRECT_OBJC_ISA_USAGE = YES_ERROR;
				CLANG_WARN_DOCUMENTATION_COMMENTS = YES;
				CLANG_WARN_EMPTY_BODY = YES;
				CLANG_WARN_ENUM_CONVERSION = YES;
				CLANG_WARN_INFINITE_RECURSION = YES;
				CLANG_WARN_INT_CONVERSION = YES;
				CLANG_WARN_NON_LITERAL_NULL_CONVERSION = YES;
				CLANG_WARN_OBJC_IMPLICIT_RETAIN_SELF = YES;
				CLANG_WARN_OBJC_LITERAL_CONVERSION = YES;
				CLANG_WARN_OBJC_ROOT_CLASS = YES_ERROR;
				CLANG_WARN_RANGE_LOOP_ANALYSIS = YES;
				CLANG_WARN_STRICT_PROTOTYPES = YES;
				CLANG_WARN_SUSPICIOUS_MOVE = YES;
				CLANG_WARN_UNGUARDED_AVAILABILITY = YES_AGGRESSIVE;
				CLANG_WARN_UNREACHABLE_CODE = YES;
				CLANG_WARN__DUPLICATE_METHOD_MATCH = YES;
				CODE_SIGN_IDENTITY = "iPhone Developer";
				COPY_PHASE_STRIP = NO;
				DEBUG_INFORMATION_FORMAT = dwarf;
				ENABLE_STRICT_OBJC_MSGSEND = YES;
				ENABLE_TESTABILITY = YES;
				GCC_C_LANGUAGE_STANDARD = gnu11;
				GCC_DYNAMIC_NO_PIC = NO;
				GCC_NO_COMMON_BLOCKS = YES;
				GCC_OPTIMIZATION_LEVEL = 0;
				GCC_PREPROCESSOR_DEFINITIONS = (
					"DEBUG=1",
					"$(inherited)",
				);
				GCC_WARN_64_TO_32_BIT_CONVERSION = YES;
				GCC_WARN_ABOUT_RETURN_TYPE = YES_ERROR;
				GCC_WARN_UNDECLARED_SELECTOR = YES;
				GCC_WARN_UNINITIALIZED_AUTOS = YES_AGGRESSIVE;
				GCC_WARN_UNUSED_FUNCTION = YES;
				GCC_WARN_UNUSED_VARIABLE = YES;
				IPHONEOS_DEPLOYMENT_TARGET = 13.0;
				MTL_ENABLE_DEBUG_INFO = INCLUDE_SOURCE;
				MTL_FAST_MATH = YES;
				ONLY_ACTIVE_ARCH = YES;
				SDKROOT = iphoneos;
				SWIFT_ACTIVE_COMPILATION_CONDITIONS = DEBUG;
				SWIFT_OPTIMIZATION_LEVEL = "-Onone";
			};
			name = Debug;
		};
		38F451FF21E8C60F0031036F /* Release */ = {
			isa = XCBuildConfiguration;
			buildSettings = {
				ALWAYS_SEARCH_USER_PATHS = NO;
				CLANG_ANALYZER_NONNULL = YES;
				CLANG_ANALYZER_NUMBER_OBJECT_CONVERSION = YES_AGGRESSIVE;
				CLANG_CXX_LANGUAGE_STANDARD = "gnu++14";
				CLANG_CXX_LIBRARY = "libc++";
				CLANG_ENABLE_MODULES = YES;
				CLANG_ENABLE_OBJC_ARC = YES;
				CLANG_ENABLE_OBJC_WEAK = YES;
				CLANG_WARN_BLOCK_CAPTURE_AUTORELEASING = YES;
				CLANG_WARN_BOOL_CONVERSION = YES;
				CLANG_WARN_COMMA = YES;
				CLANG_WARN_CONSTANT_CONVERSION = YES;
				CLANG_WARN_DEPRECATED_OBJC_IMPLEMENTATIONS = YES;
				CLANG_WARN_DIRECT_OBJC_ISA_USAGE = YES_ERROR;
				CLANG_WARN_DOCUMENTATION_COMMENTS = YES;
				CLANG_WARN_EMPTY_BODY = YES;
				CLANG_WARN_ENUM_CONVERSION = YES;
				CLANG_WARN_INFINITE_RECURSION = YES;
				CLANG_WARN_INT_CONVERSION = YES;
				CLANG_WARN_NON_LITERAL_NULL_CONVERSION = YES;
				CLANG_WARN_OBJC_IMPLICIT_RETAIN_SELF = YES;
				CLANG_WARN_OBJC_LITERAL_CONVERSION = YES;
				CLANG_WARN_OBJC_ROOT_CLASS = YES_ERROR;
				CLANG_WARN_RANGE_LOOP_ANALYSIS = YES;
				CLANG_WARN_STRICT_PROTOTYPES = YES;
				CLANG_WARN_SUSPICIOUS_MOVE = YES;
				CLANG_WARN_UNGUARDED_AVAILABILITY = YES_AGGRESSIVE;
				CLANG_WARN_UNREACHABLE_CODE = YES;
				CLANG_WARN__DUPLICATE_METHOD_MATCH = YES;
				CODE_SIGN_IDENTITY = "iPhone Developer";
				COPY_PHASE_STRIP = NO;
				DEBUG_INFORMATION_FORMAT = "dwarf-with-dsym";
				ENABLE_NS_ASSERTIONS = NO;
				ENABLE_STRICT_OBJC_MSGSEND = YES;
				GCC_C_LANGUAGE_STANDARD = gnu11;
				GCC_NO_COMMON_BLOCKS = YES;
				GCC_WARN_64_TO_32_BIT_CONVERSION = YES;
				GCC_WARN_ABOUT_RETURN_TYPE = YES_ERROR;
				GCC_WARN_UNDECLARED_SELECTOR = YES;
				GCC_WARN_UNINITIALIZED_AUTOS = YES_AGGRESSIVE;
				GCC_WARN_UNUSED_FUNCTION = YES;
				GCC_WARN_UNUSED_VARIABLE = YES;
				IPHONEOS_DEPLOYMENT_TARGET = 13.0;
				MTL_ENABLE_DEBUG_INFO = NO;
				MTL_FAST_MATH = YES;
				SDKROOT = iphoneos;
				SWIFT_COMPILATION_MODE = wholemodule;
				SWIFT_OPTIMIZATION_LEVEL = "-O";
				VALIDATE_PRODUCT = YES;
			};
			name = Release;
		};
		38F4520121E8C60F0031036F /* Debug */ = {
			isa = XCBuildConfiguration;
			baseConfigurationReference = B5458070AA60D584BBBB98FF /* Pods-Tinder.debug.xcconfig */;
			buildSettings = {
				ASSETCATALOG_COMPILER_APPICON_NAME = AppIcon;
				CODE_SIGN_STYLE = Automatic;
				DEVELOPMENT_TEAM = N2GAL8582Q;
				INFOPLIST_FILE = Tinder/Info.plist;
				IPHONEOS_DEPLOYMENT_TARGET = 13.0;
				LD_RUNPATH_SEARCH_PATHS = (
					"$(inherited)",
					"@executable_path/Frameworks",
				);
				PRODUCT_BUNDLE_IDENTIFIER = com.corykim;
				PRODUCT_NAME = "$(TARGET_NAME)";
				SWIFT_VERSION = 5.0;
				TARGETED_DEVICE_FAMILY = "1,2";
			};
			name = Debug;
		};
		38F4520221E8C60F0031036F /* Release */ = {
			isa = XCBuildConfiguration;
			baseConfigurationReference = 046186034537F0718CCDA6D8 /* Pods-Tinder.release.xcconfig */;
			buildSettings = {
				ASSETCATALOG_COMPILER_APPICON_NAME = AppIcon;
				CODE_SIGN_STYLE = Automatic;
				DEVELOPMENT_TEAM = N2GAL8582Q;
				INFOPLIST_FILE = Tinder/Info.plist;
				IPHONEOS_DEPLOYMENT_TARGET = 13.0;
				LD_RUNPATH_SEARCH_PATHS = (
					"$(inherited)",
					"@executable_path/Frameworks",
				);
				PRODUCT_BUNDLE_IDENTIFIER = com.corykim;
				PRODUCT_NAME = "$(TARGET_NAME)";
				SWIFT_VERSION = 5.0;
				TARGETED_DEVICE_FAMILY = "1,2";
			};
			name = Release;
		};
		38F4520421E8C60F0031036F /* Debug */ = {
			isa = XCBuildConfiguration;
			baseConfigurationReference = 81A125B2011D861588786FAA /* Pods-TinderTests.debug.xcconfig */;
			buildSettings = {
				ALWAYS_EMBED_SWIFT_STANDARD_LIBRARIES = YES;
				BUNDLE_LOADER = "$(TEST_HOST)";
				CODE_SIGN_STYLE = Automatic;
				DEVELOPMENT_TEAM = N2GAL8582Q;
				INFOPLIST_FILE = TinderTests/Info.plist;
				LD_RUNPATH_SEARCH_PATHS = (
					"$(inherited)",
					"@executable_path/Frameworks",
					"@loader_path/Frameworks",
				);
				PRODUCT_BUNDLE_IDENTIFIER = com.corykim.TinderTests;
				PRODUCT_NAME = "$(TARGET_NAME)";
				SWIFT_VERSION = 5.0;
				TARGETED_DEVICE_FAMILY = "1,2";
				TEST_HOST = "$(BUILT_PRODUCTS_DIR)/Tinder.app/Tinder";
			};
			name = Debug;
		};
		38F4520521E8C60F0031036F /* Release */ = {
			isa = XCBuildConfiguration;
			baseConfigurationReference = E2A9C778D296B002166148E4 /* Pods-TinderTests.release.xcconfig */;
			buildSettings = {
				ALWAYS_EMBED_SWIFT_STANDARD_LIBRARIES = YES;
				BUNDLE_LOADER = "$(TEST_HOST)";
				CODE_SIGN_STYLE = Automatic;
				DEVELOPMENT_TEAM = N2GAL8582Q;
				INFOPLIST_FILE = TinderTests/Info.plist;
				LD_RUNPATH_SEARCH_PATHS = (
					"$(inherited)",
					"@executable_path/Frameworks",
					"@loader_path/Frameworks",
				);
				PRODUCT_BUNDLE_IDENTIFIER = com.corykim.TinderTests;
				PRODUCT_NAME = "$(TARGET_NAME)";
				SWIFT_VERSION = 5.0;
				TARGETED_DEVICE_FAMILY = "1,2";
				TEST_HOST = "$(BUILT_PRODUCTS_DIR)/Tinder.app/Tinder";
			};
			name = Release;
		};
/* End XCBuildConfiguration section */

/* Begin XCConfigurationList section */
		38F451DE21E8C60D0031036F /* Build configuration list for PBXProject "Tinder" */ = {
			isa = XCConfigurationList;
			buildConfigurations = (
				38F451FE21E8C60F0031036F /* Debug */,
				38F451FF21E8C60F0031036F /* Release */,
			);
			defaultConfigurationIsVisible = 0;
			defaultConfigurationName = Release;
		};
		38F4520021E8C60F0031036F /* Build configuration list for PBXNativeTarget "Tinder" */ = {
			isa = XCConfigurationList;
			buildConfigurations = (
				38F4520121E8C60F0031036F /* Debug */,
				38F4520221E8C60F0031036F /* Release */,
			);
			defaultConfigurationIsVisible = 0;
			defaultConfigurationName = Release;
		};
		38F4520321E8C60F0031036F /* Build configuration list for PBXNativeTarget "TinderTests" */ = {
			isa = XCConfigurationList;
			buildConfigurations = (
				38F4520421E8C60F0031036F /* Debug */,
				38F4520521E8C60F0031036F /* Release */,
			);
			defaultConfigurationIsVisible = 0;
			defaultConfigurationName = Release;
		};
/* End XCConfigurationList section */
	};
	rootObject = 38F451DB21E8C60D0031036F /* Project object */;
}
